
Microsoft Visual Studio Solution File, Format Version 12.00
Project("{FAE04EC0-301F-11D3-BF4B-00C04F79EFBC}") = "BlazorEmailSender", "BlazorEmailSender.csproj", "{347A09F9-ADC1-490B-A70F-B24F53F42912}"
EndProject
Global
	GlobalSection(SolutionConfigurationPlatforms) = preSolution
		Debug|Any CPU = Debug|Any CPU
		Release|Any CPU = Release|Any CPU
	EndGlobalSection
	GlobalSection(ProjectConfigurationPlatforms) = postSolution
		{347A09F9-ADC1-490B-A70F-B24F53F42912}.Debug|Any CPU.ActiveCfg = Debug|Any CPU
		{347A09F9-ADC1-490B-A70F-B24F53F42912}.Debug|Any CPU.Build.0 = Debug|Any CPU
		{347A09F9-ADC1-490B-A70F-B24F53F42912}.Release|Any CPU.ActiveCfg = Release|Any CPU
		{347A09F9-ADC1-490B-A70F-B24F53F42912}.Release|Any CPU.Build.0 = Release|Any CPU
	EndGlobalSection
EndGlobal
